
Microsoft Visual Studio Solution File, Format Version 12.00
# Visual Studio 15
VisualStudioVersion = 15.0.27703.2026
MinimumVisualStudioVersion = 10.0.40219.1
Project("{FAE04EC0-301F-11D3-BF4B-00C04F79EFBC}") = "FastOrder", "FastOrder\FastOrder.csproj", "{6637306B-1A58-4185-B82D-47C13B6DACF9}"
EndProject
Global
	GlobalSection(SolutionConfigurationPlatforms) = preSolution
		Debug|Any CPU = Debug|Any CPU
		Release|Any CPU = Release|Any CPU
	EndGlobalSection
	GlobalSection(ProjectConfigurationPlatforms) = postSolution
		{6637306B-1A58-4185-B82D-47C13B6DACF9}.Debug|Any CPU.ActiveCfg = Debug|Any CPU
		{6637306B-1A58-4185-B82D-47C13B6DACF9}.Debug|Any CPU.Build.0 = Debug|Any CPU
		{6637306B-1A58-4185-B82D-47C13B6DACF9}.Release|Any CPU.ActiveCfg = Release|Any CPU
		{6637306B-1A58-4185-B82D-47C13B6DACF9}.Release|Any CPU.Build.0 = Release|Any CPU
	EndGlobalSection
	GlobalSection(SolutionProperties) = preSolution
		HideSolutionNode = FALSE
	EndGlobalSection
	GlobalSection(ExtensibilityGlobals) = postSolution
		SolutionGuid = {AD20966A-566D-44CA-B1D4-F65F0F56875B}
	EndGlobalSection
EndGlobal
